
Microsoft Visual Studio Solution File, Format Version 12.00
# Visual Studio 15
VisualStudioVersion = 15.0.27004.2010
MinimumVisualStudioVersion = 10.0.40219.1
Project("{FAE04EC0-301F-11D3-BF4B-00C04F79EFBC}") = "FlightBooking", "FlightBooking\FlightBooking.csproj", "{74D8C879-58B4-464C-A6E5-A06070946F3B}"
	ProjectSection(ProjectDependencies) = postProject
		{2E99DFBD-DE77-44DF-8200-588F2B0C055C} = {2E99DFBD-DE77-44DF-8200-588F2B0C055C}
	EndProjectSection
EndProject
Project("{FAE04EC0-301F-11D3-BF4B-00C04F79EFBC}") = "WebServer", "WebServer\WebServer.csproj", "{2E99DFBD-DE77-44DF-8200-588F2B0C055C}"
EndProject
Global
	GlobalSection(SolutionConfigurationPlatforms) = preSolution
		Debug|Any CPU = Debug|Any CPU
		Release|Any CPU = Release|Any CPU
	EndGlobalSection
	GlobalSection(ProjectConfigurationPlatforms) = postSolution
		{74D8C879-58B4-464C-A6E5-A06070946F3B}.Debug|Any CPU.ActiveCfg = Debug|Any CPU
		{74D8C879-58B4-464C-A6E5-A06070946F3B}.Debug|Any CPU.Build.0 = Debug|Any CPU
		{74D8C879-58B4-464C-A6E5-A06070946F3B}.Release|Any CPU.ActiveCfg = Release|Any CPU
		{74D8C879-58B4-464C-A6E5-A06070946F3B}.Release|Any CPU.Build.0 = Release|Any CPU
		{2E99DFBD-DE77-44DF-8200-588F2B0C055C}.Debug|Any CPU.ActiveCfg = Debug|Any CPU
		{2E99DFBD-DE77-44DF-8200-588F2B0C055C}.Debug|Any CPU.Build.0 = Debug|Any CPU
		{2E99DFBD-DE77-44DF-8200-588F2B0C055C}.Release|Any CPU.ActiveCfg = Release|Any CPU
		{2E99DFBD-DE77-44DF-8200-588F2B0C055C}.Release|Any CPU.Build.0 = Release|Any CPU
	EndGlobalSection
	GlobalSection(SolutionProperties) = preSolution
		HideSolutionNode = FALSE
	EndGlobalSection
	GlobalSection(ExtensibilityGlobals) = postSolution
		SolutionGuid = {7E4F42D1-30A6-4500-8650-F3220F5A7607}
	EndGlobalSection
EndGlobal
